
Microsoft Visual Studio Solution File, Format Version 12.00
# Visual Studio Version 16
VisualStudioVersion = 16.0.30804.86
MinimumVisualStudioVersion = 10.0.40219.1
Project("{FAE04EC0-301F-11D3-BF4B-00C04F79EFBC}") = "DvdLibraryDatabaseAPI2", "DvdLibraryDatabaseAPI2.csproj", "{B15784D0-FCA2-430C-A0CC-631D1F47ED09}"
EndProject
Global
	GlobalSection(SolutionConfigurationPlatforms) = preSolution
		Debug|Any CPU = Debug|Any CPU
		Release|Any CPU = Release|Any CPU
	EndGlobalSection
	GlobalSection(ProjectConfigurationPlatforms) = postSolution
		{B15784D0-FCA2-430C-A0CC-631D1F47ED09}.Debug|Any CPU.ActiveCfg = Debug|Any CPU
		{B15784D0-FCA2-430C-A0CC-631D1F47ED09}.Debug|Any CPU.Build.0 = Debug|Any CPU
		{B15784D0-FCA2-430C-A0CC-631D1F47ED09}.Release|Any CPU.ActiveCfg = Release|Any CPU
		{B15784D0-FCA2-430C-A0CC-631D1F47ED09}.Release|Any CPU.Build.0 = Release|Any CPU
	EndGlobalSection
	GlobalSection(SolutionProperties) = preSolution
		HideSolutionNode = FALSE
	EndGlobalSection
	GlobalSection(ExtensibilityGlobals) = postSolution
		SolutionGuid = {7D470984-65BC-4E2A-968C-D8153FAF6E03}
	EndGlobalSection
EndGlobal
